
Microsoft Visual Studio Solution File, Format Version 12.00
# Visual Studio Version 17
VisualStudioVersion = 17.6.33712.159
MinimumVisualStudioVersion = 10.0.40219.1
Project("{FAE04EC0-301F-11D3-BF4B-00C04F79EFBC}") = "AppCaja", "AppCaja.csproj", "{89FC1261-031B-403F-9322-EAB0FD4FC201}"
EndProject
Global
	GlobalSection(SolutionConfigurationPlatforms) = preSolution
		Debug|Any CPU = Debug|Any CPU
		Release|Any CPU = Release|Any CPU
	EndGlobalSection
	GlobalSection(ProjectConfigurationPlatforms) = postSolution
		{89FC1261-031B-403F-9322-EAB0FD4FC201}.Debug|Any CPU.ActiveCfg = Debug|Any CPU
		{89FC1261-031B-403F-9322-EAB0FD4FC201}.Debug|Any CPU.Build.0 = Debug|Any CPU
		{89FC1261-031B-403F-9322-EAB0FD4FC201}.Release|Any CPU.ActiveCfg = Release|Any CPU
		{89FC1261-031B-403F-9322-EAB0FD4FC201}.Release|Any CPU.Build.0 = Release|Any CPU
	EndGlobalSection
	GlobalSection(SolutionProperties) = preSolution
		HideSolutionNode = FALSE
	EndGlobalSection
	GlobalSection(ExtensibilityGlobals) = postSolution
		SolutionGuid = {B03537DD-BCAC-4399-A385-3AF1DB4FD65B}
	EndGlobalSection
EndGlobal
